
Microsoft Visual Studio Solution File, Format Version 12.00
# Visual Studio Version 17
VisualStudioVersion = 17.11.35303.130
MinimumVisualStudioVersion = 10.0.40219.1
Project("{FAE04EC0-301F-11D3-BF4B-00C04F79EFBC}") = "TYVL_ASP", "TYVL_ASP.csproj", "{9B7E9D0E-EED7-4C11-B741-D209ECD1FD57}"
EndProject
Global
	GlobalSection(SolutionConfigurationPlatforms) = preSolution
		Debug|Any CPU = Debug|Any CPU
		Release|Any CPU = Release|Any CPU
	EndGlobalSection
	GlobalSection(ProjectConfigurationPlatforms) = postSolution
		{9B7E9D0E-EED7-4C11-B741-D209ECD1FD57}.Debug|Any CPU.ActiveCfg = Debug|Any CPU
		{9B7E9D0E-EED7-4C11-B741-D209ECD1FD57}.Debug|Any CPU.Build.0 = Debug|Any CPU
		{9B7E9D0E-EED7-4C11-B741-D209ECD1FD57}.Release|Any CPU.ActiveCfg = Release|Any CPU
		{9B7E9D0E-EED7-4C11-B741-D209ECD1FD57}.Release|Any CPU.Build.0 = Release|Any CPU
	EndGlobalSection
	GlobalSection(SolutionProperties) = preSolution
		HideSolutionNode = FALSE
	EndGlobalSection
	GlobalSection(ExtensibilityGlobals) = postSolution
		SolutionGuid = {F0617FEF-746F-4D81-B847-882EC49758D3}
	EndGlobalSection
EndGlobal
